# THIS IS AN AUTOGENERATED FILE. DO NOT EDIT THIS FILE DIRECTLY.
# yarn lockfile v1


"@types/jquery@*", "@types/jquery@^3.5.16":
  version "3.5.16"
  resolved "https://registry.npmmirror.com/@types/jquery/-/jquery-3.5.16.tgz#632131baf30951915b0317d48c98e9890bdf051d"
  integrity sha512-bsI7y4ZgeMkmpG9OM710RRzDFp+w4P1RGiIt30C1mSBT+ExCleeh4HObwgArnDFELmRrOpXgSYN9VF1hj+f1lw==
  dependencies:
    "@types/sizzle" "*"

"@types/layui-layer@^1.0.1":
  version "1.0.1"
  resolved "https://registry.npmmirror.com/@types/layui-layer/-/layui-layer-1.0.1.tgz#0ca64704d9871afc651beed7cc5b1a7a66628cfc"
  integrity sha512-tcA3Bvw3IOYO4qdl6g/U9A09OZeO5ZxlZFLgE30YPf6UozkMeyGxHU+5qXzeogm3rpHma+ys1Ram6Ib+Y+FeFw==
  dependencies:
    "@types/jquery" "*"

"@types/layui-src@^2.6.0":
  version "2.6.0"
  resolved "https://registry.npmmirror.com/@types/layui-src/-/layui-src-2.6.0.tgz#35ae2e2264a28e9f5d75a696311c146599bc3deb"
  integrity sha512-wntTWCh7KHIWwa+79t1SbCbGK4X8bfjn5Dr+toYRjOw9K3DFBB6PU/I9wLqJQVJoQzSlANmVGm/ytQaZjMilmA==

"@types/node@^18.11.18":
  version "18.11.18"
  resolved "https://registry.npmmirror.com/@types/node/-/node-18.11.18.tgz#8dfb97f0da23c2293e554c5a50d61ef134d7697f"
  integrity sha512-DHQpWGjyQKSHj3ebjFI/wRKcqQcdR+MoFBygntYOZytCqNfkd2ZC4ARDJ2DQqhjH5p85Nnd3jhUJIXrszFX/JA==

"@types/sizzle@*":
  version "2.3.3"
  resolved "https://registry.npmmirror.com/@types/sizzle/-/sizzle-2.3.3.tgz#ff5e2f1902969d305225a047c8a0fd5c915cebef"
  integrity sha512-JYM8x9EGF163bEyhdJBpR2QX1R5naCJHC8ucJylJ3w9/CVBaskdQ8WqBf8MmQrd1kRvp/a4TS8HJ+bxzR7ZJYQ==

"@types/trtc-calling-js@^0.6.2":
  version "0.6.2"
  resolved "https://registry.npmmirror.com/@types/trtc-calling-js/-/trtc-calling-js-0.6.2.tgz#f7f8aa0f3af7a57180ff8211124e4d3dfdc88125"
  integrity sha512-65q7IvV7UC1Jfa+Ti/s9i+6TsdeYFk6tD83UDzm8+Y0KqpuIOic380BnBRtLp+a25rJowW1Hke5AUzXH9NClPg==

"@types/trtc-js-sdk@^4.9.0":
  version "4.9.0"
  resolved "https://registry.npmmirror.com/@types/trtc-js-sdk/-/trtc-js-sdk-4.9.0.tgz#b6550cf7bf673cb3ab4a5ddd49960c3c92c894b5"
  integrity sha512-n/QAvoc1L2Zz6wisC2a6XDzuZIl1J5dA5SDDcm1yeWBqFLGH01ajHY9mBLvnGQrNWrI00uBla+eciUQvt00awA==
